// !$*UTF8*$!
{
	archiveVersion = 1;
	classes = {
	};
	objectVersion = 55;
	objects = {

/* Begin PBXBuildFile section */
		051C375E311327A2EF1F4DDC /* ProductFeature.framework in Frameworks */ = {isa = PBXBuildFile; fileRef = 7FC6DB49B9F001C3C901B2B5 /* ProductFeature.framework */; };
		070B82A2FEB3950448A717F6 /* ProductMapper.swift in Sources */ = {isa = PBXBuildFile; fileRef = 9A30F2458419E6E6CE7F4E16 /* ProductMapper.swift */; };
		09A69972ACD2801BA0683A9B /* CoreKit.framework in Dependencies */ = {isa = PBXBuildFile; fileRef = 8292454DD3D36171391841FD /* CoreKit.framework */; };
		0DB6E2551F81A60DF130D7AE /* FavoriteKitTesting.framework in Frameworks */ = {isa = PBXBuildFile; fileRef = 0ED1B610F57994EE518F49BB /* FavoriteKitTesting.framework */; };
		0EBC2EF5314338D79DFBF589 /* ProductFeatureInterface.framework in Frameworks */ = {isa = PBXBuildFile; fileRef = 30E52937E2A09156174BCFCD /* ProductFeatureInterface.framework */; };
		2251EDD760A5AC734404A482 /* ProductFeatureTesting.framework in Frameworks */ = {isa = PBXBuildFile; fileRef = 183F1DF78F83C0DBA5786E83 /* ProductFeatureTesting.framework */; };
		250DF5570F4684B78F9A4DD9 /* ProductSummary.swift in Sources */ = {isa = PBXBuildFile; fileRef = B8D6BC420150750A1A0F5D37 /* ProductSummary.swift */; };
		2755966E5DE53DD0156A5237 /* ProductDetail.swift in Sources */ = {isa = PBXBuildFile; fileRef = 6DA39E473F28269F2805DDA2 /* ProductDetail.swift */; };
		282F274CAC66B867F81739DC /* NetworkKit.framework in Dependencies */ = {isa = PBXBuildFile; fileRef = 106F99F0CC3B957846E6F9C1 /* NetworkKit.framework */; };
		2DD5CF7805627F6F8D0F7B90 /* ProductDemoApp.swift in Sources */ = {isa = PBXBuildFile; fileRef = CE6A58CF68B5CFBB2585CA41 /* ProductDemoApp.swift */; };
		318DA76392580A4D67D83AF3 /* NetworkKit.framework in Frameworks */ = {isa = PBXBuildFile; fileRef = 106F99F0CC3B957846E6F9C1 /* NetworkKit.framework */; };
		3FEA45290EE9ACFDDFF1907D /* NetworkKit.framework in Frameworks */ = {isa = PBXBuildFile; fileRef = 106F99F0CC3B957846E6F9C1 /* NetworkKit.framework */; };
		4F9C4ABBE334D7A5FFB721BB /* ProductResponseFixture.swift in Sources */ = {isa = PBXBuildFile; fileRef = 5B513029BD0D5CEB92E72ACE /* ProductResponseFixture.swift */; };
		51D0F8F34094BD2586F33CE7 /* ProductFeatureInterface.framework in Dependencies */ = {isa = PBXBuildFile; fileRef = 30E52937E2A09156174BCFCD /* ProductFeatureInterface.framework */; };
		570D70F22F32BFDB25200345 /* FavoriteKitInterface.framework in Dependencies */ = {isa = PBXBuildFile; fileRef = 62DD3D8A53722B34B3D1FEDC /* FavoriteKitInterface.framework */; };
		5A268DBD06EE83BEEEAA09E3 /* ProductRoute.swift in Sources */ = {isa = PBXBuildFile; fileRef = 7DDEA4A88ABCDB25FE3E2989 /* ProductRoute.swift */; };
		5A912A80E5E3E182E0E1875D /* FetchProductListUseCase.swift in Sources */ = {isa = PBXBuildFile; fileRef = FBD3C9C8FC26133D12EE2620 /* FetchProductListUseCase.swift */; };
		6B3F1829539D9ED7B7F05818 /* Placeholder.swift in Sources */ = {isa = PBXBuildFile; fileRef = FBB397A7A530112BF25C70F2 /* Placeholder.swift */; };
		6E9A2EE7A586AF4955A339BF /* ProductListResponseDTO.swift in Sources */ = {isa = PBXBuildFile; fileRef = 82B858D509D6628C9C722D66 /* ProductListResponseDTO.swift */; };
		82104F0290DCACA8B028287D /* ProductFeatureTesting.framework in Frameworks */ = {isa = PBXBuildFile; fileRef = 183F1DF78F83C0DBA5786E83 /* ProductFeatureTesting.framework */; };
		8B0ACA7DEEF9C6C7DF7FF6E4 /* ProductRepository.swift in Sources */ = {isa = PBXBuildFile; fileRef = 0EB563BD99463BFE88C72EB2 /* ProductRepository.swift */; };
		8B1D0A4AE2CB23195E86F0F0 /* ProductSummaryDTO.swift in Sources */ = {isa = PBXBuildFile; fileRef = C8A1DD61E9107037AA2718E6 /* ProductSummaryDTO.swift */; };
		8C65E4145442F3E5A072625E /* ProductFeature.framework in Frameworks */ = {isa = PBXBuildFile; fileRef = 7FC6DB49B9F001C3C901B2B5 /* ProductFeature.framework */; };
		8D38769F0F979A3B83F3C30F /* ProductDetailDTO.swift in Sources */ = {isa = PBXBuildFile; fileRef = CF4E22F73396DD56313E531C /* ProductDetailDTO.swift */; };
		912AC3B3AAC09D7D447467CF /* ProductMappingError.swift in Sources */ = {isa = PBXBuildFile; fileRef = DB0F39D42CBAF417594E37F1 /* ProductMappingError.swift */; };
		96FF8D6411435B92C5416778 /* ProductMapperTests.swift in Sources */ = {isa = PBXBuildFile; fileRef = 00E5D0F4F3D3670D59916878 /* ProductMapperTests.swift */; };
		9D5DBB7011D7431D78CA371B /* FetchProductDetailUseCase.swift in Sources */ = {isa = PBXBuildFile; fileRef = 5FD3E99B3AE541E57D0327A1 /* FetchProductDetailUseCase.swift */; };
		A576B568FF3399136BBC9850 /* CoreKit.framework in Frameworks */ = {isa = PBXBuildFile; fileRef = 8292454DD3D36171391841FD /* CoreKit.framework */; };
		ACED5D26974200D2053BCF7C /* FavoriteKitInterface.framework in Frameworks */ = {isa = PBXBuildFile; fileRef = 62DD3D8A53722B34B3D1FEDC /* FavoriteKitInterface.framework */; };
		B3D35D2E2BFF059CE2F27D5F /* ProductFeatureInterface.framework in Dependencies */ = {isa = PBXBuildFile; fileRef = 30E52937E2A09156174BCFCD /* ProductFeatureInterface.framework */; };
		C841B3198C1AAAE75A63E32D /* CoreKit.framework in Frameworks */ = {isa = PBXBuildFile; fileRef = 8292454DD3D36171391841FD /* CoreKit.framework */; };
		DE21B6DDC03830A6ACCA5134 /* CoreKit.framework in Dependencies */ = {isa = PBXBuildFile; fileRef = 8292454DD3D36171391841FD /* CoreKit.framework */; };
		EAB43216749B892D340B6B05 /* FavoriteKitTesting.framework in Frameworks */ = {isa = PBXBuildFile; fileRef = 0ED1B610F57994EE518F49BB /* FavoriteKitTesting.framework */; };
		F0D5E35B9F0E159E7B166F8E /* FavoriteKitInterface.framework in Frameworks */ = {isa = PBXBuildFile; fileRef = 62DD3D8A53722B34B3D1FEDC /* FavoriteKitInterface.framework */; };
		FE660ED1C578C216BDF54206 /* ProductFeatureInterface.framework in Frameworks */ = {isa = PBXBuildFile; fileRef = 30E52937E2A09156174BCFCD /* ProductFeatureInterface.framework */; };
/* End PBXBuildFile section */

/* Begin PBXContainerItemProxy section */
		11F7FADE0E396871C0C33E96 /* PBXContainerItemProxy */ = {
			isa = PBXContainerItemProxy;
			containerPortal = 7F717FA8DC9ABFD05AAC93BF /* Project object */;
			proxyType = 1;
			remoteGlobalIDString = F556D9712CA6148D29C2CAE4;
			remoteInfo = ProductFeatureTesting;
		};
		4CE7657316B60D67A05DC391 /* PBXContainerItemProxy */ = {
			isa = PBXContainerItemProxy;
			containerPortal = 7F717FA8DC9ABFD05AAC93BF /* Project object */;
			proxyType = 1;
			remoteGlobalIDString = F556D9712CA6148D29C2CAE4;
			remoteInfo = ProductFeatureTesting;
		};
		78997FF0305B95DEB3591355 /* PBXContainerItemProxy */ = {
			isa = PBXContainerItemProxy;
			containerPortal = 7F717FA8DC9ABFD05AAC93BF /* Project object */;
			proxyType = 1;
			remoteGlobalIDString = 698C6C24496ABA024F0529E1;
			remoteInfo = ProductFeatureInterface;
		};
		864B1A70F1C037E2303F177B /* PBXContainerItemProxy */ = {
			isa = PBXContainerItemProxy;
			containerPortal = 7F717FA8DC9ABFD05AAC93BF /* Project object */;
			proxyType = 1;
			remoteGlobalIDString = F950057D9FF90AC40F2BA572;
			remoteInfo = ProductFeature;
		};
		B4D9C0710566513C6ACDD325 /* PBXContainerItemProxy */ = {
			isa = PBXContainerItemProxy;
			containerPortal = 7F717FA8DC9ABFD05AAC93BF /* Project object */;
			proxyType = 1;
			remoteGlobalIDString = F950057D9FF90AC40F2BA572;
			remoteInfo = ProductFeature;
		};
		E17FE1EBA540F4DD1862D8E9 /* PBXContainerItemProxy */ = {
			isa = PBXContainerItemProxy;
			containerPortal = 7F717FA8DC9ABFD05AAC93BF /* Project object */;
			proxyType = 1;
			remoteGlobalIDString = 698C6C24496ABA024F0529E1;
			remoteInfo = ProductFeatureInterface;
		};
		FE261847408EE4C392D55964 /* PBXContainerItemProxy */ = {
			isa = PBXContainerItemProxy;
			containerPortal = 7F717FA8DC9ABFD05AAC93BF /* Project object */;
			proxyType = 1;
			remoteGlobalIDString = 698C6C24496ABA024F0529E1;
			remoteInfo = ProductFeatureInterface;
		};
/* End PBXContainerItemProxy section */

/* Begin PBXCopyFilesBuildPhase section */
		1193DB58BC9C468C24CA3DA7 /* Embed Frameworks */ = {
			isa = PBXCopyFilesBuildPhase;
			buildActionMask = 2147483647;
			dstPath = "";
			dstSubfolderSpec = 10;
			files = (
			);
			name = "Embed Frameworks";
			runOnlyForDeploymentPostprocessing = 0;
		};
		1BDDF59EBDA10A04430B2522 /* Embed Frameworks */ = {
			isa = PBXCopyFilesBuildPhase;
			buildActionMask = 2147483647;
			dstPath = "";
			dstSubfolderSpec = 10;
			files = (
			);
			name = "Embed Frameworks";
			runOnlyForDeploymentPostprocessing = 0;
		};
		4EFDA5CBACE662447C3F8424 /* Dependencies */ = {
			isa = PBXCopyFilesBuildPhase;
			buildActionMask = 8;
			dstSubfolderSpec = 16;
			files = (
				51D0F8F34094BD2586F33CE7 /* ProductFeatureInterface.framework in Dependencies */,
			);
			name = Dependencies;
			runOnlyForDeploymentPostprocessing = 1;
		};
		6A1D6AF24306E839BE5C44FD /* Dependencies */ = {
			isa = PBXCopyFilesBuildPhase;
			buildActionMask = 8;
			dstSubfolderSpec = 16;
			files = (
				DE21B6DDC03830A6ACCA5134 /* CoreKit.framework in Dependencies */,
			);
			name = Dependencies;
			runOnlyForDeploymentPostprocessing = 1;
		};
		72C9DA8301D1DC9CA515FFDA /* Embed Frameworks */ = {
			isa = PBXCopyFilesBuildPhase;
			buildActionMask = 2147483647;
			dstPath = "";
			dstSubfolderSpec = 10;
			files = (
			);
			name = "Embed Frameworks";
			runOnlyForDeploymentPostprocessing = 0;
		};
		7F02673F60F286F366098AAC /* Embed Frameworks */ = {
			isa = PBXCopyFilesBuildPhase;
			buildActionMask = 2147483647;
			dstPath = "";
			dstSubfolderSpec = 10;
			files = (
			);
			name = "Embed Frameworks";
			runOnlyForDeploymentPostprocessing = 0;
		};
		D36CAFE84CCDC08B676BB358 /* Dependencies */ = {
			isa = PBXCopyFilesBuildPhase;
			buildActionMask = 8;
			dstSubfolderSpec = 16;
			files = (
				09A69972ACD2801BA0683A9B /* CoreKit.framework in Dependencies */,
				570D70F22F32BFDB25200345 /* FavoriteKitInterface.framework in Dependencies */,
				282F274CAC66B867F81739DC /* NetworkKit.framework in Dependencies */,
				B3D35D2E2BFF059CE2F27D5F /* ProductFeatureInterface.framework in Dependencies */,
			);
			name = Dependencies;
			runOnlyForDeploymentPostprocessing = 1;
		};
		E08D2D0512BB617A2C35B92D /* Embed Frameworks */ = {
			isa = PBXCopyFilesBuildPhase;
			buildActionMask = 2147483647;
			dstPath = "";
			dstSubfolderSpec = 10;
			files = (
			);
			name = "Embed Frameworks";
			runOnlyForDeploymentPostprocessing = 0;
		};
/* End PBXCopyFilesBuildPhase section */

/* Begin PBXFileReference section */
		00E5D0F4F3D3670D59916878 /* ProductMapperTests.swift */ = {isa = PBXFileReference; lastKnownFileType = sourcecode.swift; path = ProductMapperTests.swift; sourceTree = "<group>"; };
		066A302A72D9CBA742CCF4EB /* ProductFeatureTests.xctest */ = {isa = PBXFileReference; explicitFileType = wrapper.cfbundle; includeInIndex = 0; path = ProductFeatureTests.xctest; sourceTree = BUILT_PRODUCTS_DIR; };
		0EB563BD99463BFE88C72EB2 /* ProductRepository.swift */ = {isa = PBXFileReference; lastKnownFileType = sourcecode.swift; path = ProductRepository.swift; sourceTree = "<group>"; };
		0ED1B610F57994EE518F49BB /* FavoriteKitTesting.framework */ = {isa = PBXFileReference; explicitFileType = wrapper.framework; includeInIndex = 0; path = FavoriteKitTesting.framework; sourceTree = BUILT_PRODUCTS_DIR; };
		106F99F0CC3B957846E6F9C1 /* NetworkKit.framework */ = {isa = PBXFileReference; explicitFileType = wrapper.framework; includeInIndex = 0; path = NetworkKit.framework; sourceTree = BUILT_PRODUCTS_DIR; };
		183F1DF78F83C0DBA5786E83 /* ProductFeatureTesting.framework */ = {isa = PBXFileReference; explicitFileType = wrapper.framework; includeInIndex = 0; path = ProductFeatureTesting.framework; sourceTree = BUILT_PRODUCTS_DIR; };
		288B689710096C2484837CC6 /* DemoInfo.plist */ = {isa = PBXFileReference; lastKnownFileType = text.plist; path = DemoInfo.plist; sourceTree = "<group>"; };
		30E52937E2A09156174BCFCD /* ProductFeatureInterface.framework */ = {isa = PBXFileReference; explicitFileType = wrapper.framework; includeInIndex = 0; path = ProductFeatureInterface.framework; sourceTree = BUILT_PRODUCTS_DIR; };
		567AA7FCB14E7A5CD6CC8224 /* ProductFeatureDemo.app */ = {isa = PBXFileReference; explicitFileType = wrapper.application; includeInIndex = 0; path = ProductFeatureDemo.app; sourceTree = BUILT_PRODUCTS_DIR; };
		5B513029BD0D5CEB92E72ACE /* ProductResponseFixture.swift */ = {isa = PBXFileReference; lastKnownFileType = sourcecode.swift; path = ProductResponseFixture.swift; sourceTree = "<group>"; };
		5FD3E99B3AE541E57D0327A1 /* FetchProductDetailUseCase.swift */ = {isa = PBXFileReference; lastKnownFileType = sourcecode.swift; path = FetchProductDetailUseCase.swift; sourceTree = "<group>"; };
		62DD3D8A53722B34B3D1FEDC /* FavoriteKitInterface.framework */ = {isa = PBXFileReference; explicitFileType = wrapper.framework; includeInIndex = 0; path = FavoriteKitInterface.framework; sourceTree = BUILT_PRODUCTS_DIR; };
		6DA39E473F28269F2805DDA2 /* ProductDetail.swift */ = {isa = PBXFileReference; lastKnownFileType = sourcecode.swift; path = ProductDetail.swift; sourceTree = "<group>"; };
		7DDEA4A88ABCDB25FE3E2989 /* ProductRoute.swift */ = {isa = PBXFileReference; lastKnownFileType = sourcecode.swift; path = ProductRoute.swift; sourceTree = "<group>"; };
		7FC6DB49B9F001C3C901B2B5 /* ProductFeature.framework */ = {isa = PBXFileReference; explicitFileType = wrapper.framework; includeInIndex = 0; path = ProductFeature.framework; sourceTree = BUILT_PRODUCTS_DIR; };
		8292454DD3D36171391841FD /* CoreKit.framework */ = {isa = PBXFileReference; explicitFileType = wrapper.framework; includeInIndex = 0; path = CoreKit.framework; sourceTree = BUILT_PRODUCTS_DIR; };
		82B858D509D6628C9C722D66 /* ProductListResponseDTO.swift */ = {isa = PBXFileReference; lastKnownFileType = sourcecode.swift; path = ProductListResponseDTO.swift; sourceTree = "<group>"; };
		9A30F2458419E6E6CE7F4E16 /* ProductMapper.swift */ = {isa = PBXFileReference; lastKnownFileType = sourcecode.swift; path = ProductMapper.swift; sourceTree = "<group>"; };
		B8D6BC420150750A1A0F5D37 /* ProductSummary.swift */ = {isa = PBXFileReference; lastKnownFileType = sourcecode.swift; path = ProductSummary.swift; sourceTree = "<group>"; };
		C8A1DD61E9107037AA2718E6 /* ProductSummaryDTO.swift */ = {isa = PBXFileReference; lastKnownFileType = sourcecode.swift; path = ProductSummaryDTO.swift; sourceTree = "<group>"; };
		CE6A58CF68B5CFBB2585CA41 /* ProductDemoApp.swift */ = {isa = PBXFileReference; lastKnownFileType = sourcecode.swift; path = ProductDemoApp.swift; sourceTree = "<group>"; };
		CF4E22F73396DD56313E531C /* ProductDetailDTO.swift */ = {isa = PBXFileReference; lastKnownFileType = sourcecode.swift; path = ProductDetailDTO.swift; sourceTree = "<group>"; };
		DB0F39D42CBAF417594E37F1 /* ProductMappingError.swift */ = {isa = PBXFileReference; lastKnownFileType = sourcecode.swift; path = ProductMappingError.swift; sourceTree = "<group>"; };
		FBB397A7A530112BF25C70F2 /* Placeholder.swift */ = {isa = PBXFileReference; lastKnownFileType = sourcecode.swift; path = Placeholder.swift; sourceTree = "<group>"; };
		FBD3C9C8FC26133D12EE2620 /* FetchProductListUseCase.swift */ = {isa = PBXFileReference; lastKnownFileType = sourcecode.swift; path = FetchProductListUseCase.swift; sourceTree = "<group>"; };
/* End PBXFileReference section */

/* Begin PBXFrameworksBuildPhase section */
		2A09ED0A72A268A415D39E87 /* Frameworks */ = {
			isa = PBXFrameworksBuildPhase;
			buildActionMask = 2147483647;
			files = (
				A576B568FF3399136BBC9850 /* CoreKit.framework in Frameworks */,
				ACED5D26974200D2053BCF7C /* FavoriteKitInterface.framework in Frameworks */,
				EAB43216749B892D340B6B05 /* FavoriteKitTesting.framework in Frameworks */,
				318DA76392580A4D67D83AF3 /* NetworkKit.framework in Frameworks */,
				051C375E311327A2EF1F4DDC /* ProductFeature.framework in Frameworks */,
				FE660ED1C578C216BDF54206 /* ProductFeatureInterface.framework in Frameworks */,
				82104F0290DCACA8B028287D /* ProductFeatureTesting.framework in Frameworks */,
			);
			runOnlyForDeploymentPostprocessing = 0;
		};
		45711332E7A2DA90E07C0E8B /* Frameworks */ = {
			isa = PBXFrameworksBuildPhase;
			buildActionMask = 2147483647;
			files = (
			);
			runOnlyForDeploymentPostprocessing = 0;
		};
		5FDF836B7CC6B15A2544065D /* Frameworks */ = {
			isa = PBXFrameworksBuildPhase;
			buildActionMask = 2147483647;
			files = (
				C841B3198C1AAAE75A63E32D /* CoreKit.framework in Frameworks */,
				F0D5E35B9F0E159E7B166F8E /* FavoriteKitInterface.framework in Frameworks */,
				0DB6E2551F81A60DF130D7AE /* FavoriteKitTesting.framework in Frameworks */,
				3FEA45290EE9ACFDDFF1907D /* NetworkKit.framework in Frameworks */,
				8C65E4145442F3E5A072625E /* ProductFeature.framework in Frameworks */,
				0EBC2EF5314338D79DFBF589 /* ProductFeatureInterface.framework in Frameworks */,
				2251EDD760A5AC734404A482 /* ProductFeatureTesting.framework in Frameworks */,
			);
			runOnlyForDeploymentPostprocessing = 0;
		};
		C31683AE614084274AFED6C0 /* Frameworks */ = {
			isa = PBXFrameworksBuildPhase;
			buildActionMask = 2147483647;
			files = (
			);
			runOnlyForDeploymentPostprocessing = 0;
		};
		D165DEEAE158CBB4F1659029 /* Frameworks */ = {
			isa = PBXFrameworksBuildPhase;
			buildActionMask = 2147483647;
			files = (
			);
			runOnlyForDeploymentPostprocessing = 0;
		};
/* End PBXFrameworksBuildPhase section */

/* Begin PBXGroup section */
		0232E8A715A59D6E92C91E17 /* DTO */ = {
			isa = PBXGroup;
			children = (
				CF4E22F73396DD56313E531C /* ProductDetailDTO.swift */,
				82B858D509D6628C9C722D66 /* ProductListResponseDTO.swift */,
				C8A1DD61E9107037AA2718E6 /* ProductSummaryDTO.swift */,
			);
			path = DTO;
			sourceTree = "<group>";
		};
		166A6971241629B0AF050C5D /* Tests */ = {
			isa = PBXGroup;
			children = (
				642FE13411F658216D2D9CD5 /* Sources */,
			);
			path = Tests;
			sourceTree = "<group>";
		};
		16CAA2C52F8045C2325EA948 /* Testing */ = {
			isa = PBXGroup;
			children = (
				A617DC8238C84951511A01F3 /* Sources */,
			);
			path = Testing;
			sourceTree = "<group>";
		};
		3D1FB2F99E017827E7A58997 /* Project */ = {
			isa = PBXGroup;
			children = (
				B77185A50CFA8BF8E50C5A7C /* App */,
				7E2B8C8EFFBFF1C21299347A /* Demo */,
				BD71A3D5BE96FC42ECF9F525 /* Interface */,
				F9386824EB57EA80AD03B1F8 /* Sources */,
				16CAA2C52F8045C2325EA948 /* Testing */,
				166A6971241629B0AF050C5D /* Tests */,
			);
			name = Project;
			sourceTree = "<group>";
		};
		5265273ACB95DD04DBF43ABC /* Resources */ = {
			isa = PBXGroup;
			children = (
				288B689710096C2484837CC6 /* DemoInfo.plist */,
			);
			path = Resources;
			sourceTree = "<group>";
		};
		5D10DA2E9957B38605DD96BE /* Mapper */ = {
			isa = PBXGroup;
			children = (
				9A30F2458419E6E6CE7F4E16 /* ProductMapper.swift */,
				DB0F39D42CBAF417594E37F1 /* ProductMappingError.swift */,
			);
			path = Mapper;
			sourceTree = "<group>";
		};
		642FE13411F658216D2D9CD5 /* Sources */ = {
			isa = PBXGroup;
			children = (
				00E5D0F4F3D3670D59916878 /* ProductMapperTests.swift */,
				5B513029BD0D5CEB92E72ACE /* ProductResponseFixture.swift */,
			);
			path = Sources;
			sourceTree = "<group>";
		};
		78BF5F7D58D14E222C0E440C /* Data */ = {
			isa = PBXGroup;
			children = (
				0232E8A715A59D6E92C91E17 /* DTO */,
				5D10DA2E9957B38605DD96BE /* Mapper */,
			);
			path = Data;
			sourceTree = "<group>";
		};
		7E2B8C8EFFBFF1C21299347A /* Demo */ = {
			isa = PBXGroup;
			children = (
				A55F615A6A10687F6312FC2F /* Sources */,
			);
			path = Demo;
			sourceTree = "<group>";
		};
		9EFA0432AEEDAAF5B2773248 = {
			isa = PBXGroup;
			children = (
				F76E8218ABA0C6B86BBD2708 /* Products */,
				3D1FB2F99E017827E7A58997 /* Project */,
			);
			sourceTree = "<group>";
		};
		A3681089A10715A02EEAAD81 /* Navigation */ = {
			isa = PBXGroup;
			children = (
				7DDEA4A88ABCDB25FE3E2989 /* ProductRoute.swift */,
			);
			path = Navigation;
			sourceTree = "<group>";
		};
		A55F615A6A10687F6312FC2F /* Sources */ = {
			isa = PBXGroup;
			children = (
				CE6A58CF68B5CFBB2585CA41 /* ProductDemoApp.swift */,
			);
			path = Sources;
			sourceTree = "<group>";
		};
		A617DC8238C84951511A01F3 /* Sources */ = {
			isa = PBXGroup;
			children = (
				FBB397A7A530112BF25C70F2 /* Placeholder.swift */,
			);
			path = Sources;
			sourceTree = "<group>";
		};
		AAAEE6C978DFA6A1766893BF /* Sources */ = {
			isa = PBXGroup;
			children = (
				BF1AEFA2CE12AF72ADED3362 /* Entity */,
				A3681089A10715A02EEAAD81 /* Navigation */,
				DBA6157902AFF6B9B121B252 /* Repository */,
				B5E979BA0A52AEB27D23AD3A /* UseCase */,
			);
			path = Sources;
			sourceTree = "<group>";
		};
		B5E979BA0A52AEB27D23AD3A /* UseCase */ = {
			isa = PBXGroup;
			children = (
				5FD3E99B3AE541E57D0327A1 /* FetchProductDetailUseCase.swift */,
				FBD3C9C8FC26133D12EE2620 /* FetchProductListUseCase.swift */,
			);
			path = UseCase;
			sourceTree = "<group>";
		};
		B77185A50CFA8BF8E50C5A7C /* App */ = {
			isa = PBXGroup;
			children = (
				5265273ACB95DD04DBF43ABC /* Resources */,
			);
			name = App;
			path = ../../App;
			sourceTree = "<group>";
		};
		BD71A3D5BE96FC42ECF9F525 /* Interface */ = {
			isa = PBXGroup;
			children = (
				AAAEE6C978DFA6A1766893BF /* Sources */,
			);
			path = Interface;
			sourceTree = "<group>";
		};
		BF1AEFA2CE12AF72ADED3362 /* Entity */ = {
			isa = PBXGroup;
			children = (
				6DA39E473F28269F2805DDA2 /* ProductDetail.swift */,
				B8D6BC420150750A1A0F5D37 /* ProductSummary.swift */,
			);
			path = Entity;
			sourceTree = "<group>";
		};
		DBA6157902AFF6B9B121B252 /* Repository */ = {
			isa = PBXGroup;
			children = (
				0EB563BD99463BFE88C72EB2 /* ProductRepository.swift */,
			);
			path = Repository;
			sourceTree = "<group>";
		};
		F76E8218ABA0C6B86BBD2708 /* Products */ = {
			isa = PBXGroup;
			children = (
				8292454DD3D36171391841FD /* CoreKit.framework */,
				62DD3D8A53722B34B3D1FEDC /* FavoriteKitInterface.framework */,
				0ED1B610F57994EE518F49BB /* FavoriteKitTesting.framework */,
				106F99F0CC3B957846E6F9C1 /* NetworkKit.framework */,
				7FC6DB49B9F001C3C901B2B5 /* ProductFeature.framework */,
				567AA7FCB14E7A5CD6CC8224 /* ProductFeatureDemo.app */,
				30E52937E2A09156174BCFCD /* ProductFeatureInterface.framework */,
				183F1DF78F83C0DBA5786E83 /* ProductFeatureTesting.framework */,
				066A302A72D9CBA742CCF4EB /* ProductFeatureTests.xctest */,
			);
			name = Products;
			sourceTree = "<group>";
		};
		F9386824EB57EA80AD03B1F8 /* Sources */ = {
			isa = PBXGroup;
			children = (
				78BF5F7D58D14E222C0E440C /* Data */,
			);
			path = Sources;
			sourceTree = "<group>";
		};
/* End PBXGroup section */

/* Begin PBXNativeTarget section */
		0AE36801212F3B9DE325CE43 /* ProductFeatureTests */ = {
			isa = PBXNativeTarget;
			buildConfigurationList = 58389632192A857752F88D06 /* Build configuration list for PBXNativeTarget "ProductFeatureTests" */;
			buildPhases = (
				07A8EAC092DD52F58B34025A /* Sources */,
				129F7064E943AE3420B462A9 /* Resources */,
				5FDF836B7CC6B15A2544065D /* Frameworks */,
				1193DB58BC9C468C24CA3DA7 /* Embed Frameworks */,
			);
			buildRules = (
			);
			dependencies = (
				E7475F5A1BFC0B8F2A9D52A8 /* PBXTargetDependency */,
				01FA4910A8D16D70B5717010 /* PBXTargetDependency */,
				98F3863DB550C34FDDE9890C /* PBXTargetDependency */,
			);
			name = ProductFeatureTests;
			packageProductDependencies = (
			);
			productName = ProductFeatureTests;
			productReference = 066A302A72D9CBA742CCF4EB /* ProductFeatureTests.xctest */;
			productType = "com.apple.product-type.bundle.unit-test";
		};
		698C6C24496ABA024F0529E1 /* ProductFeatureInterface */ = {
			isa = PBXNativeTarget;
			buildConfigurationList = 452701776491296D09414309 /* Build configuration list for PBXNativeTarget "ProductFeatureInterface" */;
			buildPhases = (
				77CE60681721F1926455F845 /* Sources */,
				FB8059FDC454AC3365C93581 /* Resources */,
				45711332E7A2DA90E07C0E8B /* Frameworks */,
				7F02673F60F286F366098AAC /* Embed Frameworks */,
				6A1D6AF24306E839BE5C44FD /* Dependencies */,
			);
			buildRules = (
			);
			dependencies = (
			);
			name = ProductFeatureInterface;
			packageProductDependencies = (
			);
			productName = ProductFeatureInterface;
			productReference = 30E52937E2A09156174BCFCD /* ProductFeatureInterface.framework */;
			productType = "com.apple.product-type.framework";
		};
		889A18F589DFA067DA2D460D /* ProductFeatureDemo */ = {
			isa = PBXNativeTarget;
			buildConfigurationList = 41DCA801726B63DBFEC4E8C1 /* Build configuration list for PBXNativeTarget "ProductFeatureDemo" */;
			buildPhases = (
				99287AE29884A39A5AC0DD22 /* Sources */,
				EE7F37723B50FE8895F41517 /* Resources */,
				2A09ED0A72A268A415D39E87 /* Frameworks */,
				E08D2D0512BB617A2C35B92D /* Embed Frameworks */,
			);
			buildRules = (
			);
			dependencies = (
				8FBCB9FD3B739959E9105F39 /* PBXTargetDependency */,
				6DA4C77A41CA2EC9B6B28796 /* PBXTargetDependency */,
			);
			name = ProductFeatureDemo;
			packageProductDependencies = (
			);
			productName = ProductFeatureDemo;
			productReference = 567AA7FCB14E7A5CD6CC8224 /* ProductFeatureDemo.app */;
			productType = "com.apple.product-type.application";
		};
		F556D9712CA6148D29C2CAE4 /* ProductFeatureTesting */ = {
			isa = PBXNativeTarget;
			buildConfigurationList = 8EAA1098A77A0BC6DCF9BA6C /* Build configuration list for PBXNativeTarget "ProductFeatureTesting" */;
			buildPhases = (
				B875B6EDDAB74AD2A2843426 /* Sources */,
				A326CF5EFEA9E6A68D039D84 /* Resources */,
				D165DEEAE158CBB4F1659029 /* Frameworks */,
				1BDDF59EBDA10A04430B2522 /* Embed Frameworks */,
				4EFDA5CBACE662447C3F8424 /* Dependencies */,
			);
			buildRules = (
			);
			dependencies = (
				F73FE859BA4CE077084A0306 /* PBXTargetDependency */,
			);
			name = ProductFeatureTesting;
			packageProductDependencies = (
			);
			productName = ProductFeatureTesting;
			productReference = 183F1DF78F83C0DBA5786E83 /* ProductFeatureTesting.framework */;
			productType = "com.apple.product-type.framework";
		};
		F950057D9FF90AC40F2BA572 /* ProductFeature */ = {
			isa = PBXNativeTarget;
			buildConfigurationList = EF15905A90A0A88DF8B574E4 /* Build configuration list for PBXNativeTarget "ProductFeature" */;
			buildPhases = (
				1EE0889A0745C22DACFF1D35 /* Sources */,
				8F006346C41F6F8C84981F1E /* Resources */,
				C31683AE614084274AFED6C0 /* Frameworks */,
				72C9DA8301D1DC9CA515FFDA /* Embed Frameworks */,
				D36CAFE84CCDC08B676BB358 /* Dependencies */,
			);
			buildRules = (
			);
			dependencies = (
				3514EC13E672B1DC148A77EB /* PBXTargetDependency */,
			);
			name = ProductFeature;
			packageProductDependencies = (
			);
			productName = ProductFeature;
			productReference = 7FC6DB49B9F001C3C901B2B5 /* ProductFeature.framework */;
			productType = "com.apple.product-type.framework";
		};
/* End PBXNativeTarget section */

/* Begin PBXProject section */
		7F717FA8DC9ABFD05AAC93BF /* Project object */ = {
			isa = PBXProject;
			attributes = {
				BuildIndependentTargetsInParallel = YES;
				TargetAttributes = {
				};
			};
			buildConfigurationList = 011FFC5AA2F10C0CF9AE8E07 /* Build configuration list for PBXProject "ProductFeature" */;
			compatibilityVersion = "Xcode 14.0";
			developmentRegion = en;
			hasScannedForEncodings = 0;
			knownRegions = (
				Base,
				en,
			);
			mainGroup = 9EFA0432AEEDAAF5B2773248;
			productRefGroup = F76E8218ABA0C6B86BBD2708 /* Products */;
			projectDirPath = "";
			projectRoot = "";
			targets = (
				F950057D9FF90AC40F2BA572 /* ProductFeature */,
				889A18F589DFA067DA2D460D /* ProductFeatureDemo */,
				698C6C24496ABA024F0529E1 /* ProductFeatureInterface */,
				F556D9712CA6148D29C2CAE4 /* ProductFeatureTesting */,
				0AE36801212F3B9DE325CE43 /* ProductFeatureTests */,
			);
		};
/* End PBXProject section */

/* Begin PBXResourcesBuildPhase section */
		129F7064E943AE3420B462A9 /* Resources */ = {
			isa = PBXResourcesBuildPhase;
			buildActionMask = 2147483647;
			files = (
			);
			runOnlyForDeploymentPostprocessing = 0;
		};
		8F006346C41F6F8C84981F1E /* Resources */ = {
			isa = PBXResourcesBuildPhase;
			buildActionMask = 2147483647;
			files = (
			);
			runOnlyForDeploymentPostprocessing = 0;
		};
		A326CF5EFEA9E6A68D039D84 /* Resources */ = {
			isa = PBXResourcesBuildPhase;
			buildActionMask = 2147483647;
			files = (
			);
			runOnlyForDeploymentPostprocessing = 0;
		};
		EE7F37723B50FE8895F41517 /* Resources */ = {
			isa = PBXResourcesBuildPhase;
			buildActionMask = 2147483647;
			files = (
			);
			runOnlyForDeploymentPostprocessing = 0;
		};
		FB8059FDC454AC3365C93581 /* Resources */ = {
			isa = PBXResourcesBuildPhase;
			buildActionMask = 2147483647;
			files = (
			);
			runOnlyForDeploymentPostprocessing = 0;
		};
/* End PBXResourcesBuildPhase section */

/* Begin PBXSourcesBuildPhase section */
		07A8EAC092DD52F58B34025A /* Sources */ = {
			isa = PBXSourcesBuildPhase;
			buildActionMask = 2147483647;
			files = (
				96FF8D6411435B92C5416778 /* ProductMapperTests.swift in Sources */,
				4F9C4ABBE334D7A5FFB721BB /* ProductResponseFixture.swift in Sources */,
			);
			runOnlyForDeploymentPostprocessing = 0;
		};
		1EE0889A0745C22DACFF1D35 /* Sources */ = {
			isa = PBXSourcesBuildPhase;
			buildActionMask = 2147483647;
			files = (
				8D38769F0F979A3B83F3C30F /* ProductDetailDTO.swift in Sources */,
				6E9A2EE7A586AF4955A339BF /* ProductListResponseDTO.swift in Sources */,
				8B1D0A4AE2CB23195E86F0F0 /* ProductSummaryDTO.swift in Sources */,
				070B82A2FEB3950448A717F6 /* ProductMapper.swift in Sources */,
				912AC3B3AAC09D7D447467CF /* ProductMappingError.swift in Sources */,
			);
			runOnlyForDeploymentPostprocessing = 0;
		};
		77CE60681721F1926455F845 /* Sources */ = {
			isa = PBXSourcesBuildPhase;
			buildActionMask = 2147483647;
			files = (
				2755966E5DE53DD0156A5237 /* ProductDetail.swift in Sources */,
				250DF5570F4684B78F9A4DD9 /* ProductSummary.swift in Sources */,
				5A268DBD06EE83BEEEAA09E3 /* ProductRoute.swift in Sources */,
				8B0ACA7DEEF9C6C7DF7FF6E4 /* ProductRepository.swift in Sources */,
				9D5DBB7011D7431D78CA371B /* FetchProductDetailUseCase.swift in Sources */,
				5A912A80E5E3E182E0E1875D /* FetchProductListUseCase.swift in Sources */,
			);
			runOnlyForDeploymentPostprocessing = 0;
		};
		99287AE29884A39A5AC0DD22 /* Sources */ = {
			isa = PBXSourcesBuildPhase;
			buildActionMask = 2147483647;
			files = (
				2DD5CF7805627F6F8D0F7B90 /* ProductDemoApp.swift in Sources */,
			);
			runOnlyForDeploymentPostprocessing = 0;
		};
		B875B6EDDAB74AD2A2843426 /* Sources */ = {
			isa = PBXSourcesBuildPhase;
			buildActionMask = 2147483647;
			files = (
				6B3F1829539D9ED7B7F05818 /* Placeholder.swift in Sources */,
			);
			runOnlyForDeploymentPostprocessing = 0;
		};
/* End PBXSourcesBuildPhase section */

/* Begin PBXTargetDependency section */
		01FA4910A8D16D70B5717010 /* PBXTargetDependency */ = {
			isa = PBXTargetDependency;
			name = ProductFeatureInterface;
			target = 698C6C24496ABA024F0529E1 /* ProductFeatureInterface */;
			targetProxy = E17FE1EBA540F4DD1862D8E9 /* PBXContainerItemProxy */;
		};
		3514EC13E672B1DC148A77EB /* PBXTargetDependency */ = {
			isa = PBXTargetDependency;
			name = ProductFeatureInterface;
			target = 698C6C24496ABA024F0529E1 /* ProductFeatureInterface */;
			targetProxy = 78997FF0305B95DEB3591355 /* PBXContainerItemProxy */;
		};
		6DA4C77A41CA2EC9B6B28796 /* PBXTargetDependency */ = {
			isa = PBXTargetDependency;
			name = ProductFeatureTesting;
			target = F556D9712CA6148D29C2CAE4 /* ProductFeatureTesting */;
			targetProxy = 11F7FADE0E396871C0C33E96 /* PBXContainerItemProxy */;
		};
		8FBCB9FD3B739959E9105F39 /* PBXTargetDependency */ = {
			isa = PBXTargetDependency;
			name = ProductFeature;
			target = F950057D9FF90AC40F2BA572 /* ProductFeature */;
			targetProxy = B4D9C0710566513C6ACDD325 /* PBXContainerItemProxy */;
		};
		98F3863DB550C34FDDE9890C /* PBXTargetDependency */ = {
			isa = PBXTargetDependency;
			name = ProductFeatureTesting;
			target = F556D9712CA6148D29C2CAE4 /* ProductFeatureTesting */;
			targetProxy = 4CE7657316B60D67A05DC391 /* PBXContainerItemProxy */;
		};
		E7475F5A1BFC0B8F2A9D52A8 /* PBXTargetDependency */ = {
			isa = PBXTargetDependency;
			name = ProductFeature;
			target = F950057D9FF90AC40F2BA572 /* ProductFeature */;
			targetProxy = 864B1A70F1C037E2303F177B /* PBXContainerItemProxy */;
		};
		F73FE859BA4CE077084A0306 /* PBXTargetDependency */ = {
			isa = PBXTargetDependency;
			name = ProductFeatureInterface;
			target = 698C6C24496ABA024F0529E1 /* ProductFeatureInterface */;
			targetProxy = FE261847408EE4C392D55964 /* PBXContainerItemProxy */;
		};
/* End PBXTargetDependency section */

/* Begin XCBuildConfiguration section */
		085B9D302B01C179353CF0B6 /* Debug */ = {
			isa = XCBuildConfiguration;
			buildSettings = {
				CODE_SIGN_IDENTITY = "";
				CURRENT_PROJECT_VERSION = 1;
				DEFINES_MODULE = YES;
				DYLIB_COMPATIBILITY_VERSION = 1;
				DYLIB_CURRENT_VERSION = 1;
				DYLIB_INSTALL_NAME_BASE = "@rpath";
				GENERATE_INFOPLIST_FILE = YES;
				INSTALL_PATH = "$(LOCAL_LIBRARY_DIR)/Frameworks";
				IPHONEOS_DEPLOYMENT_TARGET = 17.0;
				LD_RUNPATH_SEARCH_PATHS = (
					"$(inherited)",
					"@executable_path/Frameworks",
					"@loader_path/Frameworks",
				);
				MACH_O_TYPE = staticlib;
				PRODUCT_BUNDLE_IDENTIFIER = com.yunkyung.assignment.productfeaturetesting;
				PRODUCT_NAME = ProductFeatureTesting;
				SDKROOT = iphoneos;
				SKIP_INSTALL = YES;
				SUPPORTS_MACCATALYST = NO;
				SUPPORTS_MAC_DESIGNED_FOR_IPHONE_IPAD = YES;
				SUPPORTS_XR_DESIGNED_FOR_IPHONE_IPAD = NO;
				SWIFT_ACTIVE_COMPILATION_CONDITIONS = (
					"$(inherited)",
					DEBUG,
				);
				SWIFT_COMPILATION_MODE = singlefile;
				SWIFT_OPTIMIZATION_LEVEL = "-Onone";
				SWIFT_VERSION = 6.0;
				TARGETED_DEVICE_FAMILY = "1,2";
				VERSIONING_SYSTEM = "apple-generic";
				VERSION_INFO_PREFIX = "";
			};
			name = Debug;
		};
		0EBC962A8B1E8CB6A649A57C /* Debug */ = {
			isa = XCBuildConfiguration;
			buildSettings = {
				ALWAYS_SEARCH_USER_PATHS = NO;
				CLANG_ANALYZER_LOCALIZABILITY_NONLOCALIZED = YES;
				CLANG_ANALYZER_NONNULL = YES;
				CLANG_ANALYZER_NUMBER_OBJECT_CONVERSION = YES_AGGRESSIVE;
				CLANG_CXX_LANGUAGE_STANDARD = "gnu++14";
				CLANG_CXX_LIBRARY = "libc++";
				CLANG_ENABLE_MODULES = YES;
				CLANG_ENABLE_OBJC_ARC = YES;
				CLANG_ENABLE_OBJC_WEAK = YES;
				CLANG_WARN_BLOCK_CAPTURE_AUTORELEASING = YES;
				CLANG_WARN_BOOL_CONVERSION = YES;
				CLANG_WARN_COMMA = YES;
				CLANG_WARN_CONSTANT_CONVERSION = YES;
				CLANG_WARN_DEPRECATED_OBJC_IMPLEMENTATIONS = YES;
				CLANG_WARN_DIRECT_OBJC_ISA_USAGE = YES_ERROR;
				CLANG_WARN_DOCUMENTATION_COMMENTS = YES;
				CLANG_WARN_EMPTY_BODY = YES;
				CLANG_WARN_ENUM_CONVERSION = YES;
				CLANG_WARN_INFINITE_RECURSION = YES;
				CLANG_WARN_INT_CONVERSION = YES;
				CLANG_WARN_NON_LITERAL_NULL_CONVERSION = YES;
				CLANG_WARN_OBJC_IMPLICIT_RETAIN_SELF = YES;
				CLANG_WARN_OBJC_LITERAL_CONVERSION = YES;
				CLANG_WARN_OBJC_ROOT_CLASS = YES_ERROR;
				CLANG_WARN_QUOTED_INCLUDE_IN_FRAMEWORK_HEADER = YES;
				CLANG_WARN_RANGE_LOOP_ANALYSIS = YES;
				CLANG_WARN_STRICT_PROTOTYPES = YES;
				CLANG_WARN_SUSPICIOUS_MOVE = YES;
				CLANG_WARN_UNGUARDED_AVAILABILITY = YES_AGGRESSIVE;
				CLANG_WARN_UNREACHABLE_CODE = YES;
				CLANG_WARN__DUPLICATE_METHOD_MATCH = YES;
				COPY_PHASE_STRIP = NO;
				DEAD_CODE_STRIPPING = YES;
				DEBUG_INFORMATION_FORMAT = dwarf;
				ENABLE_STRICT_OBJC_MSGSEND = YES;
				ENABLE_TESTABILITY = YES;
				GCC_C_LANGUAGE_STANDARD = gnu11;
				GCC_DYNAMIC_NO_PIC = NO;
				GCC_NO_COMMON_BLOCKS = YES;
				GCC_OPTIMIZATION_LEVEL = 0;
				GCC_PREPROCESSOR_DEFINITIONS = (
					"DEBUG=1",
					"$(inherited)",
				);
				GCC_WARN_64_TO_32_BIT_CONVERSION = YES;
				GCC_WARN_ABOUT_RETURN_TYPE = YES_ERROR;
				GCC_WARN_UNDECLARED_SELECTOR = YES;
				GCC_WARN_UNINITIALIZED_AUTOS = YES_AGGRESSIVE;
				GCC_WARN_UNUSED_FUNCTION = YES;
				GCC_WARN_UNUSED_VARIABLE = YES;
				MTL_ENABLE_DEBUG_INFO = YES;
				ONLY_ACTIVE_ARCH = YES;
				PRODUCT_NAME = "$(TARGET_NAME)";
			};
			name = Debug;
		};
		17C75A0FD29042C80992F86E /* Release */ = {
			isa = XCBuildConfiguration;
			buildSettings = {
				ASSETCATALOG_COMPILER_APPICON_NAME = AppIcon;
				ASSETCATALOG_COMPILER_GLOBAL_ACCENT_COLOR_NAME = AccentColor;
				CODE_SIGN_IDENTITY = "iPhone Developer";
				ENABLE_PREVIEWS = YES;
				INFOPLIST_FILE = ../../App/Resources/DemoInfo.plist;
				IPHONEOS_DEPLOYMENT_TARGET = 17.0;
				LD_RUNPATH_SEARCH_PATHS = (
					"$(inherited)",
					"@executable_path/Frameworks",
				);
				PRODUCT_BUNDLE_IDENTIFIER = com.yunkyung.assignment.productfeaturedemo;
				PRODUCT_NAME = ProductFeatureDemo;
				SDKROOT = iphoneos;
				SUPPORTS_MACCATALYST = NO;
				SUPPORTS_MAC_DESIGNED_FOR_IPHONE_IPAD = YES;
				SUPPORTS_XR_DESIGNED_FOR_IPHONE_IPAD = NO;
				SWIFT_COMPILATION_MODE = wholemodule;
				SWIFT_OPTIMIZATION_LEVEL = "-O";
				SWIFT_VERSION = 6.0;
				TARGETED_DEVICE_FAMILY = "1,2";
			};
			name = Release;
		};
		2D7D71DCF3A3B2DFDCC50A07 /* Release */ = {
			isa = XCBuildConfiguration;
			buildSettings = {
				CODE_SIGN_IDENTITY = "";
				CURRENT_PROJECT_VERSION = 1;
				DEFINES_MODULE = YES;
				DYLIB_COMPATIBILITY_VERSION = 1;
				DYLIB_CURRENT_VERSION = 1;
				DYLIB_INSTALL_NAME_BASE = "@rpath";
				GENERATE_INFOPLIST_FILE = YES;
				INSTALL_PATH = "$(LOCAL_LIBRARY_DIR)/Frameworks";
				IPHONEOS_DEPLOYMENT_TARGET = 17.0;
				LD_RUNPATH_SEARCH_PATHS = (
					"$(inherited)",
					"@executable_path/Frameworks",
					"@loader_path/Frameworks",
				);
				MACH_O_TYPE = staticlib;
				PRODUCT_BUNDLE_IDENTIFIER = com.yunkyung.assignment.productfeaturetesting;
				PRODUCT_NAME = ProductFeatureTesting;
				SDKROOT = iphoneos;
				SKIP_INSTALL = YES;
				SUPPORTS_MACCATALYST = NO;
				SUPPORTS_MAC_DESIGNED_FOR_IPHONE_IPAD = YES;
				SUPPORTS_XR_DESIGNED_FOR_IPHONE_IPAD = NO;
				SWIFT_COMPILATION_MODE = wholemodule;
				SWIFT_OPTIMIZATION_LEVEL = "-O";
				SWIFT_VERSION = 6.0;
				TARGETED_DEVICE_FAMILY = "1,2";
				VERSIONING_SYSTEM = "apple-generic";
				VERSION_INFO_PREFIX = "";
			};
			name = Release;
		};
		38297345C50183B1B9F456A9 /* Release */ = {
			isa = XCBuildConfiguration;
			buildSettings = {
				ALWAYS_SEARCH_USER_PATHS = NO;
				CLANG_ANALYZER_LOCALIZABILITY_NONLOCALIZED = YES;
				CLANG_ANALYZER_NONNULL = YES;
				CLANG_ANALYZER_NUMBER_OBJECT_CONVERSION = YES_AGGRESSIVE;
				CLANG_CXX_LANGUAGE_STANDARD = "gnu++14";
				CLANG_CXX_LIBRARY = "libc++";
				CLANG_ENABLE_MODULES = YES;
				CLANG_ENABLE_OBJC_ARC = YES;
				CLANG_ENABLE_OBJC_WEAK = YES;
				CLANG_WARN_BLOCK_CAPTURE_AUTORELEASING = YES;
				CLANG_WARN_BOOL_CONVERSION = YES;
				CLANG_WARN_COMMA = YES;
				CLANG_WARN_CONSTANT_CONVERSION = YES;
				CLANG_WARN_DEPRECATED_OBJC_IMPLEMENTATIONS = YES;
				CLANG_WARN_DIRECT_OBJC_ISA_USAGE = YES_ERROR;
				CLANG_WARN_DOCUMENTATION_COMMENTS = YES;
				CLANG_WARN_EMPTY_BODY = YES;
				CLANG_WARN_ENUM_CONVERSION = YES;
				CLANG_WARN_INFINITE_RECURSION = YES;
				CLANG_WARN_INT_CONVERSION = YES;
				CLANG_WARN_NON_LITERAL_NULL_CONVERSION = YES;
				CLANG_WARN_OBJC_IMPLICIT_RETAIN_SELF = YES;
				CLANG_WARN_OBJC_LITERAL_CONVERSION = YES;
				CLANG_WARN_OBJC_ROOT_CLASS = YES_ERROR;
				CLANG_WARN_QUOTED_INCLUDE_IN_FRAMEWORK_HEADER = YES;
				CLANG_WARN_RANGE_LOOP_ANALYSIS = YES;
				CLANG_WARN_STRICT_PROTOTYPES = YES;
				CLANG_WARN_SUSPICIOUS_MOVE = YES;
				CLANG_WARN_UNGUARDED_AVAILABILITY = YES_AGGRESSIVE;
				CLANG_WARN_UNREACHABLE_CODE = YES;
				CLANG_WARN__DUPLICATE_METHOD_MATCH = YES;
				COPY_PHASE_STRIP = NO;
				DEAD_CODE_STRIPPING = YES;
				DEBUG_INFORMATION_FORMAT = "dwarf-with-dsym";
				ENABLE_NS_ASSERTIONS = NO;
				ENABLE_STRICT_OBJC_MSGSEND = YES;
				GCC_C_LANGUAGE_STANDARD = gnu11;
				GCC_NO_COMMON_BLOCKS = YES;
				GCC_WARN_64_TO_32_BIT_CONVERSION = YES;
				GCC_WARN_ABOUT_RETURN_TYPE = YES_ERROR;
				GCC_WARN_UNDECLARED_SELECTOR = YES;
				GCC_WARN_UNINITIALIZED_AUTOS = YES_AGGRESSIVE;
				GCC_WARN_UNUSED_FUNCTION = YES;
				GCC_WARN_UNUSED_VARIABLE = YES;
				MTL_ENABLE_DEBUG_INFO = NO;
				PRODUCT_NAME = "$(TARGET_NAME)";
				VALIDATE_PRODUCT = YES;
			};
			name = Release;
		};
		6908F5B2B5DE2C538A947404 /* Debug */ = {
			isa = XCBuildConfiguration;
			buildSettings = {
				CODE_SIGN_IDENTITY = "";
				CURRENT_PROJECT_VERSION = 1;
				DEFINES_MODULE = YES;
				DYLIB_COMPATIBILITY_VERSION = 1;
				DYLIB_CURRENT_VERSION = 1;
				DYLIB_INSTALL_NAME_BASE = "@rpath";
				GENERATE_INFOPLIST_FILE = YES;
				INSTALL_PATH = "$(LOCAL_LIBRARY_DIR)/Frameworks";
				IPHONEOS_DEPLOYMENT_TARGET = 17.0;
				LD_RUNPATH_SEARCH_PATHS = (
					"$(inherited)",
					"@executable_path/Frameworks",
					"@loader_path/Frameworks",
				);
				MACH_O_TYPE = staticlib;
				PRODUCT_BUNDLE_IDENTIFIER = com.yunkyung.assignment.productfeatureinterface;
				PRODUCT_NAME = ProductFeatureInterface;
				SDKROOT = iphoneos;
				SKIP_INSTALL = YES;
				SUPPORTS_MACCATALYST = NO;
				SUPPORTS_MAC_DESIGNED_FOR_IPHONE_IPAD = YES;
				SUPPORTS_XR_DESIGNED_FOR_IPHONE_IPAD = NO;
				SWIFT_ACTIVE_COMPILATION_CONDITIONS = (
					"$(inherited)",
					DEBUG,
				);
				SWIFT_COMPILATION_MODE = singlefile;
				SWIFT_OPTIMIZATION_LEVEL = "-Onone";
				SWIFT_VERSION = 6.0;
				TARGETED_DEVICE_FAMILY = "1,2";
				VERSIONING_SYSTEM = "apple-generic";
				VERSION_INFO_PREFIX = "";
			};
			name = Debug;
		};
		777C3A95C42C26C3B55672B7 /* Release */ = {
			isa = XCBuildConfiguration;
			buildSettings = {
				CODE_SIGN_IDENTITY = "";
				CURRENT_PROJECT_VERSION = 1;
				DEFINES_MODULE = YES;
				DYLIB_COMPATIBILITY_VERSION = 1;
				DYLIB_CURRENT_VERSION = 1;
				DYLIB_INSTALL_NAME_BASE = "@rpath";
				GENERATE_INFOPLIST_FILE = YES;
				INSTALL_PATH = "$(LOCAL_LIBRARY_DIR)/Frameworks";
				IPHONEOS_DEPLOYMENT_TARGET = 17.0;
				LD_RUNPATH_SEARCH_PATHS = (
					"$(inherited)",
					"@executable_path/Frameworks",
					"@loader_path/Frameworks",
				);
				MACH_O_TYPE = staticlib;
				PRODUCT_BUNDLE_IDENTIFIER = com.yunkyung.assignment.productfeatureinterface;
				PRODUCT_NAME = ProductFeatureInterface;
				SDKROOT = iphoneos;
				SKIP_INSTALL = YES;
				SUPPORTS_MACCATALYST = NO;
				SUPPORTS_MAC_DESIGNED_FOR_IPHONE_IPAD = YES;
				SUPPORTS_XR_DESIGNED_FOR_IPHONE_IPAD = NO;
				SWIFT_COMPILATION_MODE = wholemodule;
				SWIFT_OPTIMIZATION_LEVEL = "-O";
				SWIFT_VERSION = 6.0;
				TARGETED_DEVICE_FAMILY = "1,2";
				VERSIONING_SYSTEM = "apple-generic";
				VERSION_INFO_PREFIX = "";
			};
			name = Release;
		};
		7B2A2F4C95B0B1A8D8896081 /* Debug */ = {
			isa = XCBuildConfiguration;
			buildSettings = {
				ASSETCATALOG_COMPILER_APPICON_NAME = AppIcon;
				ASSETCATALOG_COMPILER_GLOBAL_ACCENT_COLOR_NAME = AccentColor;
				CODE_SIGN_IDENTITY = "iPhone Developer";
				ENABLE_PREVIEWS = YES;
				INFOPLIST_FILE = ../../App/Resources/DemoInfo.plist;
				IPHONEOS_DEPLOYMENT_TARGET = 17.0;
				LD_RUNPATH_SEARCH_PATHS = (
					"$(inherited)",
					"@executable_path/Frameworks",
				);
				PRODUCT_BUNDLE_IDENTIFIER = com.yunkyung.assignment.productfeaturedemo;
				PRODUCT_NAME = ProductFeatureDemo;
				SDKROOT = iphoneos;
				SUPPORTS_MACCATALYST = NO;
				SUPPORTS_MAC_DESIGNED_FOR_IPHONE_IPAD = YES;
				SUPPORTS_XR_DESIGNED_FOR_IPHONE_IPAD = NO;
				SWIFT_ACTIVE_COMPILATION_CONDITIONS = (
					"$(inherited)",
					DEBUG,
				);
				SWIFT_COMPILATION_MODE = singlefile;
				SWIFT_OPTIMIZATION_LEVEL = "-Onone";
				SWIFT_VERSION = 6.0;
				TARGETED_DEVICE_FAMILY = "1,2";
			};
			name = Debug;
		};
		7C864F73E4E7AD8EE52A6E21 /* Release */ = {
			isa = XCBuildConfiguration;
			buildSettings = {
				CODE_SIGN_IDENTITY = "";
				CURRENT_PROJECT_VERSION = 1;
				DEFINES_MODULE = YES;
				DYLIB_COMPATIBILITY_VERSION = 1;
				DYLIB_CURRENT_VERSION = 1;
				DYLIB_INSTALL_NAME_BASE = "@rpath";
				GENERATE_INFOPLIST_FILE = YES;
				INSTALL_PATH = "$(LOCAL_LIBRARY_DIR)/Frameworks";
				IPHONEOS_DEPLOYMENT_TARGET = 17.0;
				LD_RUNPATH_SEARCH_PATHS = (
					"$(inherited)",
					"@executable_path/Frameworks",
					"@loader_path/Frameworks",
				);
				MACH_O_TYPE = staticlib;
				PRODUCT_BUNDLE_IDENTIFIER = com.yunkyung.assignment.productfeature;
				PRODUCT_NAME = ProductFeature;
				SDKROOT = iphoneos;
				SKIP_INSTALL = YES;
				SUPPORTS_MACCATALYST = NO;
				SUPPORTS_MAC_DESIGNED_FOR_IPHONE_IPAD = YES;
				SUPPORTS_XR_DESIGNED_FOR_IPHONE_IPAD = NO;
				SWIFT_COMPILATION_MODE = wholemodule;
				SWIFT_OPTIMIZATION_LEVEL = "-O";
				SWIFT_VERSION = 6.0;
				TARGETED_DEVICE_FAMILY = "1,2";
				VERSIONING_SYSTEM = "apple-generic";
				VERSION_INFO_PREFIX = "";
			};
			name = Release;
		};
		91177F906A3603664453F9A7 /* Release */ = {
			isa = XCBuildConfiguration;
			buildSettings = {
				CODE_SIGN_IDENTITY = "iPhone Developer";
				GENERATE_INFOPLIST_FILE = YES;
				IPHONEOS_DEPLOYMENT_TARGET = 17.0;
				LD_RUNPATH_SEARCH_PATHS = (
					"$(inherited)",
					"@executable_path/Frameworks",
					"@loader_path/Frameworks",
				);
				PRODUCT_BUNDLE_IDENTIFIER = com.yunkyung.assignment.productfeaturetests;
				PRODUCT_NAME = ProductFeatureTests;
				SDKROOT = iphoneos;
				SUPPORTS_MACCATALYST = NO;
				SUPPORTS_MAC_DESIGNED_FOR_IPHONE_IPAD = YES;
				SUPPORTS_XR_DESIGNED_FOR_IPHONE_IPAD = NO;
				SWIFT_COMPILATION_MODE = wholemodule;
				SWIFT_OPTIMIZATION_LEVEL = "-O";
				SWIFT_VERSION = 6.0;
				TARGETED_DEVICE_FAMILY = "1,2";
			};
			name = Release;
		};
		AB00008F264D7E6DFA62DA61 /* Debug */ = {
			isa = XCBuildConfiguration;
			buildSettings = {
				CODE_SIGN_IDENTITY = "";
				CURRENT_PROJECT_VERSION = 1;
				DEFINES_MODULE = YES;
				DYLIB_COMPATIBILITY_VERSION = 1;
				DYLIB_CURRENT_VERSION = 1;
				DYLIB_INSTALL_NAME_BASE = "@rpath";
				GENERATE_INFOPLIST_FILE = YES;
				INSTALL_PATH = "$(LOCAL_LIBRARY_DIR)/Frameworks";
				IPHONEOS_DEPLOYMENT_TARGET = 17.0;
				LD_RUNPATH_SEARCH_PATHS = (
					"$(inherited)",
					"@executable_path/Frameworks",
					"@loader_path/Frameworks",
				);
				MACH_O_TYPE = staticlib;
				PRODUCT_BUNDLE_IDENTIFIER = com.yunkyung.assignment.productfeature;
				PRODUCT_NAME = ProductFeature;
				SDKROOT = iphoneos;
				SKIP_INSTALL = YES;
				SUPPORTS_MACCATALYST = NO;
				SUPPORTS_MAC_DESIGNED_FOR_IPHONE_IPAD = YES;
				SUPPORTS_XR_DESIGNED_FOR_IPHONE_IPAD = NO;
				SWIFT_ACTIVE_COMPILATION_CONDITIONS = (
					"$(inherited)",
					DEBUG,
				);
				SWIFT_COMPILATION_MODE = singlefile;
				SWIFT_OPTIMIZATION_LEVEL = "-Onone";
				SWIFT_VERSION = 6.0;
				TARGETED_DEVICE_FAMILY = "1,2";
				VERSIONING_SYSTEM = "apple-generic";
				VERSION_INFO_PREFIX = "";
			};
			name = Debug;
		};
		EB5BD65081439E0011083983 /* Debug */ = {
			isa = XCBuildConfiguration;
			buildSettings = {
				CODE_SIGN_IDENTITY = "iPhone Developer";
				GENERATE_INFOPLIST_FILE = YES;
				IPHONEOS_DEPLOYMENT_TARGET = 17.0;
				LD_RUNPATH_SEARCH_PATHS = (
					"$(inherited)",
					"@executable_path/Frameworks",
					"@loader_path/Frameworks",
				);
				PRODUCT_BUNDLE_IDENTIFIER = com.yunkyung.assignment.productfeaturetests;
				PRODUCT_NAME = ProductFeatureTests;
				SDKROOT = iphoneos;
				SUPPORTS_MACCATALYST = NO;
				SUPPORTS_MAC_DESIGNED_FOR_IPHONE_IPAD = YES;
				SUPPORTS_XR_DESIGNED_FOR_IPHONE_IPAD = NO;
				SWIFT_ACTIVE_COMPILATION_CONDITIONS = (
					"$(inherited)",
					DEBUG,
				);
				SWIFT_COMPILATION_MODE = singlefile;
				SWIFT_OPTIMIZATION_LEVEL = "-Onone";
				SWIFT_VERSION = 6.0;
				TARGETED_DEVICE_FAMILY = "1,2";
			};
			name = Debug;
		};
/* End XCBuildConfiguration section */

/* Begin XCConfigurationList section */
		011FFC5AA2F10C0CF9AE8E07 /* Build configuration list for PBXProject "ProductFeature" */ = {
			isa = XCConfigurationList;
			buildConfigurations = (
				0EBC962A8B1E8CB6A649A57C /* Debug */,
				38297345C50183B1B9F456A9 /* Release */,
			);
			defaultConfigurationIsVisible = 0;
			defaultConfigurationName = Release;
		};
		41DCA801726B63DBFEC4E8C1 /* Build configuration list for PBXNativeTarget "ProductFeatureDemo" */ = {
			isa = XCConfigurationList;
			buildConfigurations = (
				7B2A2F4C95B0B1A8D8896081 /* Debug */,
				17C75A0FD29042C80992F86E /* Release */,
			);
			defaultConfigurationIsVisible = 0;
			defaultConfigurationName = Release;
		};
		452701776491296D09414309 /* Build configuration list for PBXNativeTarget "ProductFeatureInterface" */ = {
			isa = XCConfigurationList;
			buildConfigurations = (
				6908F5B2B5DE2C538A947404 /* Debug */,
				777C3A95C42C26C3B55672B7 /* Release */,
			);
			defaultConfigurationIsVisible = 0;
			defaultConfigurationName = Release;
		};
		58389632192A857752F88D06 /* Build configuration list for PBXNativeTarget "ProductFeatureTests" */ = {
			isa = XCConfigurationList;
			buildConfigurations = (
				EB5BD65081439E0011083983 /* Debug */,
				91177F906A3603664453F9A7 /* Release */,
			);
			defaultConfigurationIsVisible = 0;
			defaultConfigurationName = Release;
		};
		8EAA1098A77A0BC6DCF9BA6C /* Build configuration list for PBXNativeTarget "ProductFeatureTesting" */ = {
			isa = XCConfigurationList;
			buildConfigurations = (
				085B9D302B01C179353CF0B6 /* Debug */,
				2D7D71DCF3A3B2DFDCC50A07 /* Release */,
			);
			defaultConfigurationIsVisible = 0;
			defaultConfigurationName = Release;
		};
		EF15905A90A0A88DF8B574E4 /* Build configuration list for PBXNativeTarget "ProductFeature" */ = {
			isa = XCConfigurationList;
			buildConfigurations = (
				AB00008F264D7E6DFA62DA61 /* Debug */,
				7C864F73E4E7AD8EE52A6E21 /* Release */,
			);
			defaultConfigurationIsVisible = 0;
			defaultConfigurationName = Release;
		};
/* End XCConfigurationList section */
	};
	rootObject = 7F717FA8DC9ABFD05AAC93BF /* Project object */;
}
