<?xml version="1.0" encoding="UTF-8"?>
<Scheme
   LastUpgradeVersion = "1010"
   version = "1.3">
   <BuildAction
      parallelizeBuildables = "YES"
      buildImplicitDependencies = "YES">
      <BuildActionEntries>
         <BuildActionEntry
            buildForTesting = "YES"
            buildForRunning = "YES"
            buildForProfiling = "YES"
            buildForArchiving = "YES"
            buildForAnalyzing = "YES">
            <BuildableReference
               BuildableIdentifier = "primary"
               BlueprintIdentifier = "93E9E330FC2CE7458D9C925F"
               BuildableName = "App.app"
               BlueprintName = "App"
               ReferencedContainer = "container:App/App.xcodeproj">
            </BuildableReference>
         </BuildActionEntry>
         <BuildActionEntry
            buildForTesting = "YES"
            buildForRunning = "YES"
            buildForProfiling = "YES"
            buildForArchiving = "YES"
            buildForAnalyzing = "YES">
            <BuildableReference
               BuildableIdentifier = "primary"
               BlueprintIdentifier = "C0E2BAB47E295A4548E4955F"
               BuildableName = "CoreKit.framework"
               BlueprintName = "CoreKit"
               ReferencedContainer = "container:Core/CoreKit/CoreKit.xcodeproj">
            </BuildableReference>
         </BuildActionEntry>
         <BuildActionEntry
            buildForTesting = "YES"
            buildForRunning = "YES"
            buildForProfiling = "YES"
            buildForArchiving = "YES"
            buildForAnalyzing = "YES">
            <BuildableReference
               BuildableIdentifier = "primary"
               BlueprintIdentifier = "C5257E482214943C4AF6C540"
               BuildableName = "CoreKitTests.xctest"
               BlueprintName = "CoreKitTests"
               ReferencedContainer = "container:Core/CoreKit/CoreKit.xcodeproj">
            </BuildableReference>
         </BuildActionEntry>
         <BuildActionEntry
            buildForTesting = "YES"
            buildForRunning = "YES"
            buildForProfiling = "YES"
            buildForArchiving = "YES"
            buildForAnalyzing = "YES">
            <BuildableReference
               BuildableIdentifier = "primary"
               BlueprintIdentifier = "C4032E0EDC4BF0550F20A0A2"
               BuildableName = "FavoriteKit.framework"
               BlueprintName = "FavoriteKit"
               ReferencedContainer = "container:Domain/FavoriteKit/FavoriteKit.xcodeproj">
            </BuildableReference>
         </BuildActionEntry>
         <BuildActionEntry
            buildForTesting = "YES"
            buildForRunning = "YES"
            buildForProfiling = "YES"
            buildForArchiving = "YES"
            buildForAnalyzing = "YES">
            <BuildableReference
               BuildableIdentifier = "primary"
               BlueprintIdentifier = "3C63FE3D4F15012FD5994259"
               BuildableName = "FavoriteKitInterface.framework"
               BlueprintName = "FavoriteKitInterface"
               ReferencedContainer = "container:Domain/FavoriteKit/FavoriteKit.xcodeproj">
            </BuildableReference>
         </BuildActionEntry>
         <BuildActionEntry
            buildForTesting = "YES"
            buildForRunning = "YES"
            buildForProfiling = "YES"
            buildForArchiving = "YES"
            buildForAnalyzing = "YES">
            <BuildableReference
               BuildableIdentifier = "primary"
               BlueprintIdentifier = "51B857C2BD0681AF9685C4C3"
               BuildableName = "FavoriteKitTests.xctest"
               BlueprintName = "FavoriteKitTests"
               ReferencedContainer = "container:Domain/FavoriteKit/FavoriteKit.xcodeproj">
            </BuildableReference>
         </BuildActionEntry>
         <BuildActionEntry
            buildForTesting = "YES"
            buildForRunning = "YES"
            buildForProfiling = "YES"
            buildForArchiving = "YES"
            buildForAnalyzing = "YES">
            <BuildableReference
               BuildableIdentifier = "primary"
               BlueprintIdentifier = "DC93B437E5CFD867C043748F"
               BuildableName = "NetworkKit.framework"
               BlueprintName = "NetworkKit"
               ReferencedContainer = "container:Core/NetworkKit/NetworkKit.xcodeproj">
            </BuildableReference>
         </BuildActionEntry>
         <BuildActionEntry
            buildForTesting = "YES"
            buildForRunning = "YES"
            buildForProfiling = "YES"
            buildForArchiving = "YES"
            buildForAnalyzing = "YES">
            <BuildableReference
               BuildableIdentifier = "primary"
               BlueprintIdentifier = "9B17E4D47DF96CA31165578D"
               BuildableName = "NetworkKitTests.xctest"
               BlueprintName = "NetworkKitTests"
               ReferencedContainer = "container:Core/NetworkKit/NetworkKit.xcodeproj">
            </BuildableReference>
         </BuildActionEntry>
         <BuildActionEntry
            buildForTesting = "YES"
            buildForRunning = "YES"
            buildForProfiling = "YES"
            buildForArchiving = "YES"
            buildForAnalyzing = "YES">
            <BuildableReference
               BuildableIdentifier = "primary"
               BlueprintIdentifier = "F950057D9FF90AC40F2BA572"
               BuildableName = "ProductFeature.framework"
               BlueprintName = "ProductFeature"
               ReferencedContainer = "container:Features/ProductFeature/ProductFeature.xcodeproj">
            </BuildableReference>
         </BuildActionEntry>
         <BuildActionEntry
            buildForTesting = "YES"
            buildForRunning = "YES"
            buildForProfiling = "YES"
            buildForArchiving = "YES"
            buildForAnalyzing = "YES">
            <BuildableReference
               BuildableIdentifier = "primary"
               BlueprintIdentifier = "698C6C24496ABA024F0529E1"
               BuildableName = "ProductFeatureInterface.framework"
               BlueprintName = "ProductFeatureInterface"
               ReferencedContainer = "container:Features/ProductFeature/ProductFeature.xcodeproj">
            </BuildableReference>
         </BuildActionEntry>
         <BuildActionEntry
            buildForTesting = "YES"
            buildForRunning = "YES"
            buildForProfiling = "YES"
            buildForArchiving = "YES"
            buildForAnalyzing = "YES">
            <BuildableReference
               BuildableIdentifier = "primary"
               BlueprintIdentifier = "0AE36801212F3B9DE325CE43"
               BuildableName = "ProductFeatureTests.xctest"
               BlueprintName = "ProductFeatureTests"
               ReferencedContainer = "container:Features/ProductFeature/ProductFeature.xcodeproj">
            </BuildableReference>
         </BuildActionEntry>
         <BuildActionEntry
            buildForTesting = "YES"
            buildForRunning = "YES"
            buildForProfiling = "YES"
            buildForArchiving = "YES"
            buildForAnalyzing = "YES">
            <BuildableReference
               BuildableIdentifier = "primary"
               BlueprintIdentifier = "28035B356050FF36AF2F75CD"
               BuildableName = "StorageKit.framework"
               BlueprintName = "StorageKit"
               ReferencedContainer = "container:Core/StorageKit/StorageKit.xcodeproj">
            </BuildableReference>
         </BuildActionEntry>
         <BuildActionEntry
            buildForTesting = "YES"
            buildForRunning = "YES"
            buildForProfiling = "YES"
            buildForArchiving = "YES"
            buildForAnalyzing = "YES">
            <BuildableReference
               BuildableIdentifier = "primary"
               BlueprintIdentifier = "453AFAFB8B1B25F8D1CCA960"
               BuildableName = "StorageKitTests.xctest"
               BlueprintName = "StorageKitTests"
               ReferencedContainer = "container:Core/StorageKit/StorageKit.xcodeproj">
            </BuildableReference>
         </BuildActionEntry>
      </BuildActionEntries>
   </BuildAction>
   <TestAction
      buildConfiguration = "Debug"
      selectedDebuggerIdentifier = "Xcode.DebuggerFoundation.Debugger.LLDB"
      selectedLauncherIdentifier = "Xcode.DebuggerFoundation.Launcher.LLDB"
      shouldUseLaunchSchemeArgsEnv = "YES">
      <Testables>
         <TestableReference
            skipped = "NO"
            parallelizable = "NO">
            <BuildableReference
               BuildableIdentifier = "primary"
               BlueprintIdentifier = "C5257E482214943C4AF6C540"
               BuildableName = "CoreKitTests.xctest"
               BlueprintName = "CoreKitTests"
               ReferencedContainer = "container:Core/CoreKit/CoreKit.xcodeproj">
            </BuildableReference>
         </TestableReference>
         <TestableReference
            skipped = "NO"
            parallelizable = "NO">
            <BuildableReference
               BuildableIdentifier = "primary"
               BlueprintIdentifier = "51B857C2BD0681AF9685C4C3"
               BuildableName = "FavoriteKitTests.xctest"
               BlueprintName = "FavoriteKitTests"
               ReferencedContainer = "container:Domain/FavoriteKit/FavoriteKit.xcodeproj">
            </BuildableReference>
         </TestableReference>
         <TestableReference
            skipped = "NO"
            parallelizable = "NO">
            <BuildableReference
               BuildableIdentifier = "primary"
               BlueprintIdentifier = "9B17E4D47DF96CA31165578D"
               BuildableName = "NetworkKitTests.xctest"
               BlueprintName = "NetworkKitTests"
               ReferencedContainer = "container:Core/NetworkKit/NetworkKit.xcodeproj">
            </BuildableReference>
         </TestableReference>
         <TestableReference
            skipped = "NO"
            parallelizable = "NO">
            <BuildableReference
               BuildableIdentifier = "primary"
               BlueprintIdentifier = "0AE36801212F3B9DE325CE43"
               BuildableName = "ProductFeatureTests.xctest"
               BlueprintName = "ProductFeatureTests"
               ReferencedContainer = "container:Features/ProductFeature/ProductFeature.xcodeproj">
            </BuildableReference>
         </TestableReference>
         <TestableReference
            skipped = "NO"
            parallelizable = "NO">
            <BuildableReference
               BuildableIdentifier = "primary"
               BlueprintIdentifier = "453AFAFB8B1B25F8D1CCA960"
               BuildableName = "StorageKitTests.xctest"
               BlueprintName = "StorageKitTests"
               ReferencedContainer = "container:Core/StorageKit/StorageKit.xcodeproj">
            </BuildableReference>
         </TestableReference>
      </Testables>
   </TestAction>
   <LaunchAction
      buildConfiguration = "Debug"
      selectedDebuggerIdentifier = "Xcode.DebuggerFoundation.Debugger.LLDB"
      selectedLauncherIdentifier = "Xcode.DebuggerFoundation.Launcher.LLDB"
      launchStyle = "0"
      useCustomWorkingDirectory = "NO"
      ignoresPersistentStateOnLaunch = "NO"
      debugDocumentVersioning = "YES"
      debugServiceExtension = "internal"
      allowLocationSimulation = "YES">
      <BuildableProductRunnable
         runnableDebuggingMode = "0">
         <BuildableReference
            BuildableIdentifier = "primary"
            BlueprintIdentifier = "93E9E330FC2CE7458D9C925F"
            BuildableName = "App.app"
            BlueprintName = "App"
            ReferencedContainer = "container:App/App.xcodeproj">
         </BuildableReference>
      </BuildableProductRunnable>
   </LaunchAction>
   <ProfileAction
      buildConfiguration = "Release"
      shouldUseLaunchSchemeArgsEnv = "YES"
      savedToolIdentifier = ""
      useCustomWorkingDirectory = "NO"
      debugDocumentVersioning = "YES">
      <BuildableProductRunnable
         runnableDebuggingMode = "0">
         <BuildableReference
            BuildableIdentifier = "primary"
            BlueprintIdentifier = "93E9E330FC2CE7458D9C925F"
            BuildableName = "App.app"
            BlueprintName = "App"
            ReferencedContainer = "container:App/App.xcodeproj">
         </BuildableReference>
      </BuildableProductRunnable>
   </ProfileAction>
   <AnalyzeAction
      buildConfiguration = "Debug">
   </AnalyzeAction>
   <ArchiveAction
      buildConfiguration = "Release"
      revealArchiveInOrganizer = "YES">
   </ArchiveAction>
</Scheme>
